// !$*UTF8*$!
{
	archiveVersion = 1;
	classes = {
	};
	objectVersion = 55;
	objects = {

/* Begin PBXBuildFile section */
		B318B08528B7AC16007571E6 /* DatabaseManager.swift in Sources */ = {isa = PBXBuildFile; fileRef = B318B08428B7AC16007571E6 /* DatabaseManager.swift */; };
		B33CC78B28B79A06006F0C67 /* GoogleService-Info.plist in Resources */ = {isa = PBXBuildFile; fileRef = B33CC78A28B79A06006F0C67 /* GoogleService-Info.plist */; };
		B36B300A28B61B0A0075D063 /* AppDelegate.swift in Sources */ = {isa = PBXBuildFile; fileRef = B36B300928B61B0A0075D063 /* AppDelegate.swift */; };
		B36B300C28B61B0A0075D063 /* SceneDelegate.swift in Sources */ = {isa = PBXBuildFile; fileRef = B36B300B28B61B0A0075D063 /* SceneDelegate.swift */; };
		B36B300E28B61B0A0075D063 /* ConversationViewController.swift in Sources */ = {isa = PBXBuildFile; fileRef = B36B300D28B61B0A0075D063 /* ConversationViewController.swift */; };
		B36B301128B61B0A0075D063 /* Main.storyboard in Resources */ = {isa = PBXBuildFile; fileRef = B36B300F28B61B0A0075D063 /* Main.storyboard */; };
		B36B301328B61B0B0075D063 /* Assets.xcassets in Resources */ = {isa = PBXBuildFile; fileRef = B36B301228B61B0B0075D063 /* Assets.xcassets */; };
		B36B301628B61B0B0075D063 /* LaunchScreen.storyboard in Resources */ = {isa = PBXBuildFile; fileRef = B36B301428B61B0B0075D063 /* LaunchScreen.storyboard */; };
		B36B302428B623D30075D063 /* LoginViewController.swift in Sources */ = {isa = PBXBuildFile; fileRef = B36B302328B623D30075D063 /* LoginViewController.swift */; };
		B36B302628B623E30075D063 /* RegisterViewController.swift in Sources */ = {isa = PBXBuildFile; fileRef = B36B302528B623E30075D063 /* RegisterViewController.swift */; };
		B36B302828B624080075D063 /* PhotoViewerViewController.swift in Sources */ = {isa = PBXBuildFile; fileRef = B36B302728B624080075D063 /* PhotoViewerViewController.swift */; };
		B36B302A28B624240075D063 /* VideoPlayerViewController.swift in Sources */ = {isa = PBXBuildFile; fileRef = B36B302928B624240075D063 /* VideoPlayerViewController.swift */; };
		B36B302C28B624360075D063 /* NewConversationViewController.swift in Sources */ = {isa = PBXBuildFile; fileRef = B36B302B28B624360075D063 /* NewConversationViewController.swift */; };
		B36B302E28B624490075D063 /* ProfileViewController.swift in Sources */ = {isa = PBXBuildFile; fileRef = B36B302D28B624490075D063 /* ProfileViewController.swift */; };
		B36B303128B62F630075D063 /* Extension.swift in Sources */ = {isa = PBXBuildFile; fileRef = B36B303028B62F630075D063 /* Extension.swift */; };
		F33658CC92D57FB02156A8DC /* Pods_Messaging_App.framework in Frameworks */ = {isa = PBXBuildFile; fileRef = C1117BFCCD16EB7CDFEB7B74 /* Pods_Messaging_App.framework */; };
/* End PBXBuildFile section */

/* Begin PBXFileReference section */
		2E731301FFFA4754D5C2521E /* Pods-Messaging App.release.xcconfig */ = {isa = PBXFileReference; includeInIndex = 1; lastKnownFileType = text.xcconfig; name = "Pods-Messaging App.release.xcconfig"; path = "Target Support Files/Pods-Messaging App/Pods-Messaging App.release.xcconfig"; sourceTree = "<group>"; };
		B318B08428B7AC16007571E6 /* DatabaseManager.swift */ = {isa = PBXFileReference; lastKnownFileType = sourcecode.swift; path = DatabaseManager.swift; sourceTree = "<group>"; };
		B33CC78A28B79A06006F0C67 /* GoogleService-Info.plist */ = {isa = PBXFileReference; fileEncoding = 4; lastKnownFileType = text.plist.xml; path = "GoogleService-Info.plist"; sourceTree = "<group>"; };
		B36B300628B61B0A0075D063 /* Messaging App.app */ = {isa = PBXFileReference; explicitFileType = wrapper.application; includeInIndex = 0; path = "Messaging App.app"; sourceTree = BUILT_PRODUCTS_DIR; };
		B36B300928B61B0A0075D063 /* AppDelegate.swift */ = {isa = PBXFileReference; lastKnownFileType = sourcecode.swift; path = AppDelegate.swift; sourceTree = "<group>"; };
		B36B300B28B61B0A0075D063 /* SceneDelegate.swift */ = {isa = PBXFileReference; lastKnownFileType = sourcecode.swift; path = SceneDelegate.swift; sourceTree = "<group>"; };
		B36B300D28B61B0A0075D063 /* ConversationViewController.swift */ = {isa = PBXFileReference; lastKnownFileType = sourcecode.swift; path = ConversationViewController.swift; sourceTree = "<group>"; };
		B36B301028B61B0A0075D063 /* Base */ = {isa = PBXFileReference; lastKnownFileType = file.storyboard; name = Base; path = Base.lproj/Main.storyboard; sourceTree = "<group>"; };
		B36B301228B61B0B0075D063 /* Assets.xcassets */ = {isa = PBXFileReference; lastKnownFileType = folder.assetcatalog; path = Assets.xcassets; sourceTree = "<group>"; };
		B36B301528B61B0B0075D063 /* Base */ = {isa = PBXFileReference; lastKnownFileType = file.storyboard; name = Base; path = Base.lproj/LaunchScreen.storyboard; sourceTree = "<group>"; };
		B36B301728B61B0B0075D063 /* Info.plist */ = {isa = PBXFileReference; lastKnownFileType = text.plist.xml; path = Info.plist; sourceTree = "<group>"; };
		B36B302328B623D30075D063 /* LoginViewController.swift */ = {isa = PBXFileReference; lastKnownFileType = sourcecode.swift; path = LoginViewController.swift; sourceTree = "<group>"; };
		B36B302528B623E30075D063 /* RegisterViewController.swift */ = {isa = PBXFileReference; lastKnownFileType = sourcecode.swift; path = RegisterViewController.swift; sourceTree = "<group>"; };
		B36B302728B624080075D063 /* PhotoViewerViewController.swift */ = {isa = PBXFileReference; lastKnownFileType = sourcecode.swift; path = PhotoViewerViewController.swift; sourceTree = "<group>"; };
		B36B302928B624240075D063 /* VideoPlayerViewController.swift */ = {isa = PBXFileReference; lastKnownFileType = sourcecode.swift; path = VideoPlayerViewController.swift; sourceTree = "<group>"; };
		B36B302B28B624360075D063 /* NewConversationViewController.swift */ = {isa = PBXFileReference; lastKnownFileType = sourcecode.swift; path = NewConversationViewController.swift; sourceTree = "<group>"; };
		B36B302D28B624490075D063 /* ProfileViewController.swift */ = {isa = PBXFileReference; lastKnownFileType = sourcecode.swift; path = ProfileViewController.swift; sourceTree = "<group>"; };
		B36B303028B62F630075D063 /* Extension.swift */ = {isa = PBXFileReference; lastKnownFileType = sourcecode.swift; path = Extension.swift; sourceTree = "<group>"; };
		C1117BFCCD16EB7CDFEB7B74 /* Pods_Messaging_App.framework */ = {isa = PBXFileReference; explicitFileType = wrapper.framework; includeInIndex = 0; path = Pods_Messaging_App.framework; sourceTree = BUILT_PRODUCTS_DIR; };
		FF610FA993762DCDBBC78C63 /* Pods-Messaging App.debug.xcconfig */ = {isa = PBXFileReference; includeInIndex = 1; lastKnownFileType = text.xcconfig; name = "Pods-Messaging App.debug.xcconfig"; path = "Target Support Files/Pods-Messaging App/Pods-Messaging App.debug.xcconfig"; sourceTree = "<group>"; };
/* End PBXFileReference section */

/* Begin PBXFrameworksBuildPhase section */
		B36B300328B61B0A0075D063 /* Frameworks */ = {
			isa = PBXFrameworksBuildPhase;
			buildActionMask = 2147483647;
			files = (
				F33658CC92D57FB02156A8DC /* Pods_Messaging_App.framework in Frameworks */,
			);
			runOnlyForDeploymentPostprocessing = 0;
		};
/* End PBXFrameworksBuildPhase section */

/* Begin PBXGroup section */
		3D40032D6B52ED125D84BE99 /* Frameworks */ = {
			isa = PBXGroup;
			children = (
				C1117BFCCD16EB7CDFEB7B74 /* Pods_Messaging_App.framework */,
			);
			name = Frameworks;
			sourceTree = "<group>";
		};
		415740A15B64A00178589A90 /* Pods */ = {
			isa = PBXGroup;
			children = (
				FF610FA993762DCDBBC78C63 /* Pods-Messaging App.debug.xcconfig */,
				2E731301FFFA4754D5C2521E /* Pods-Messaging App.release.xcconfig */,
			);
			path = Pods;
			sourceTree = "<group>";
		};
		B36B2FFD28B61B0A0075D063 = {
			isa = PBXGroup;
			children = (
				B36B300828B61B0A0075D063 /* Messaging App */,
				B36B300728B61B0A0075D063 /* Products */,
				415740A15B64A00178589A90 /* Pods */,
				3D40032D6B52ED125D84BE99 /* Frameworks */,
			);
			sourceTree = "<group>";
		};
		B36B300728B61B0A0075D063 /* Products */ = {
			isa = PBXGroup;
			children = (
				B36B300628B61B0A0075D063 /* Messaging App.app */,
			);
			name = Products;
			sourceTree = "<group>";
		};
		B36B300828B61B0A0075D063 /* Messaging App */ = {
			isa = PBXGroup;
			children = (
				B33CC78A28B79A06006F0C67 /* GoogleService-Info.plist */,
				B36B302128B621D40075D063 /* Resources */,
				B36B302028B621C70075D063 /* ViewModels */,
				B36B301F28B621B40075D063 /* Models */,
				B36B301E28B621AB0075D063 /* Views */,
				B36B301D28B6219C0075D063 /* Controllers */,
				B36B301728B61B0B0075D063 /* Info.plist */,
			);
			path = "Messaging App";
			sourceTree = "<group>";
		};
		B36B301D28B6219C0075D063 /* Controllers */ = {
			isa = PBXGroup;
			children = (
				B36B300D28B61B0A0075D063 /* ConversationViewController.swift */,
				B36B302F28B627080075D063 /* Login */,
				B36B302728B624080075D063 /* PhotoViewerViewController.swift */,
				B36B302928B624240075D063 /* VideoPlayerViewController.swift */,
				B36B302B28B624360075D063 /* NewConversationViewController.swift */,
				B36B302D28B624490075D063 /* ProfileViewController.swift */,
			);
			path = Controllers;
			sourceTree = "<group>";
		};
		B36B301E28B621AB0075D063 /* Views */ = {
			isa = PBXGroup;
			children = (
				B36B302228B621FC0075D063 /* Storyboards */,
				B36B301228B61B0B0075D063 /* Assets.xcassets */,
			);
			path = Views;
			sourceTree = "<group>";
		};
		B36B301F28B621B40075D063 /* Models */ = {
			isa = PBXGroup;
			children = (
			);
			path = Models;
			sourceTree = "<group>";
		};
		B36B302028B621C70075D063 /* ViewModels */ = {
			isa = PBXGroup;
			children = (
			);
			path = ViewModels;
			sourceTree = "<group>";
		};
		B36B302128B621D40075D063 /* Resources */ = {
			isa = PBXGroup;
			children = (
				B36B300928B61B0A0075D063 /* AppDelegate.swift */,
				B36B300B28B61B0A0075D063 /* SceneDelegate.swift */,
				B36B303028B62F630075D063 /* Extension.swift */,
				B318B08428B7AC16007571E6 /* DatabaseManager.swift */,
			);
			path = Resources;
			sourceTree = "<group>";
		};
		B36B302228B621FC0075D063 /* Storyboards */ = {
			isa = PBXGroup;
			children = (
				B36B300F28B61B0A0075D063 /* Main.storyboard */,
				B36B301428B61B0B0075D063 /* LaunchScreen.storyboard */,
			);
			path = Storyboards;
			sourceTree = "<group>";
		};
		B36B302F28B627080075D063 /* Login */ = {
			isa = PBXGroup;
			children = (
				B36B302328B623D30075D063 /* LoginViewController.swift */,
				B36B302528B623E30075D063 /* RegisterViewController.swift */,
			);
			path = Login;
			sourceTree = "<group>";
		};
/* End PBXGroup section */

/* Begin PBXNativeTarget section */
		B36B300528B61B0A0075D063 /* Messaging App */ = {
			isa = PBXNativeTarget;
			buildConfigurationList = B36B301A28B61B0B0075D063 /* Build configuration list for PBXNativeTarget "Messaging App" */;
			buildPhases = (
				392FCE945FC28865C094D5D2 /* [CP] Check Pods Manifest.lock */,
				B36B300228B61B0A0075D063 /* Sources */,
				B36B300328B61B0A0075D063 /* Frameworks */,
				B36B300428B61B0A0075D063 /* Resources */,
				3B63DAFE50AF70C9C3F08D86 /* [CP] Embed Pods Frameworks */,
			);
			buildRules = (
			);
			dependencies = (
			);
			name = "Messaging App";
			productName = "Messaging App";
			productReference = B36B300628B61B0A0075D063 /* Messaging App.app */;
			productType = "com.apple.product-type.application";
		};
/* End PBXNativeTarget section */

/* Begin PBXProject section */
		B36B2FFE28B61B0A0075D063 /* Project object */ = {
			isa = PBXProject;
			attributes = {
				BuildIndependentTargetsInParallel = 1;
				LastSwiftUpdateCheck = 1320;
				LastUpgradeCheck = 1320;
				TargetAttributes = {
					B36B300528B61B0A0075D063 = {
						CreatedOnToolsVersion = 13.2.1;
					};
				};
			};
			buildConfigurationList = B36B300128B61B0A0075D063 /* Build configuration list for PBXProject "Messaging App" */;
			compatibilityVersion = "Xcode 13.0";
			developmentRegion = en;
			hasScannedForEncodings = 0;
			knownRegions = (
				en,
				Base,
			);
			mainGroup = B36B2FFD28B61B0A0075D063;
			productRefGroup = B36B300728B61B0A0075D063 /* Products */;
			projectDirPath = "";
			projectRoot = "";
			targets = (
				B36B300528B61B0A0075D063 /* Messaging App */,
			);
		};
/* End PBXProject section */

/* Begin PBXResourcesBuildPhase section */
		B36B300428B61B0A0075D063 /* Resources */ = {
			isa = PBXResourcesBuildPhase;
			buildActionMask = 2147483647;
			files = (
				B36B301628B61B0B0075D063 /* LaunchScreen.storyboard in Resources */,
				B33CC78B28B79A06006F0C67 /* GoogleService-Info.plist in Resources */,
				B36B301328B61B0B0075D063 /* Assets.xcassets in Resources */,
				B36B301128B61B0A0075D063 /* Main.storyboard in Resources */,
			);
			runOnlyForDeploymentPostprocessing = 0;
		};
/* End PBXResourcesBuildPhase section */

/* Begin PBXShellScriptBuildPhase section */
		392FCE945FC28865C094D5D2 /* [CP] Check Pods Manifest.lock */ = {
			isa = PBXShellScriptBuildPhase;
			buildActionMask = 2147483647;
			files = (
			);
			inputFileListPaths = (
			);
			inputPaths = (
				"${PODS_PODFILE_DIR_PATH}/Podfile.lock",
				"${PODS_ROOT}/Manifest.lock",
			);
			name = "[CP] Check Pods Manifest.lock";
			outputFileListPaths = (
			);
			outputPaths = (
				"$(DERIVED_FILE_DIR)/Pods-Messaging App-checkManifestLockResult.txt",
			);
			runOnlyForDeploymentPostprocessing = 0;
			shellPath = /bin/sh;
			shellScript = "diff \"${PODS_PODFILE_DIR_PATH}/Podfile.lock\" \"${PODS_ROOT}/Manifest.lock\" > /dev/null\nif [ $? != 0 ] ; then\n    # print error to STDERR\n    echo \"error: The sandbox is not in sync with the Podfile.lock. Run 'pod install' or update your CocoaPods installation.\" >&2\n    exit 1\nfi\n# This output is used by Xcode 'outputs' to avoid re-running this script phase.\necho \"SUCCESS\" > \"${SCRIPT_OUTPUT_FILE_0}\"\n";
			showEnvVarsInLog = 0;
		};
		3B63DAFE50AF70C9C3F08D86 /* [CP] Embed Pods Frameworks */ = {
			isa = PBXShellScriptBuildPhase;
			buildActionMask = 2147483647;
			files = (
			);
			inputFileListPaths = (
				"${PODS_ROOT}/Target Support Files/Pods-Messaging App/Pods-Messaging App-frameworks-${CONFIGURATION}-input-files.xcfilelist",
			);
			name = "[CP] Embed Pods Frameworks";
			outputFileListPaths = (
				"${PODS_ROOT}/Target Support Files/Pods-Messaging App/Pods-Messaging App-frameworks-${CONFIGURATION}-output-files.xcfilelist",
			);
			runOnlyForDeploymentPostprocessing = 0;
			shellPath = /bin/sh;
			shellScript = "\"${PODS_ROOT}/Target Support Files/Pods-Messaging App/Pods-Messaging App-frameworks.sh\"\n";
			showEnvVarsInLog = 0;
		};
/* End PBXShellScriptBuildPhase section */

/* Begin PBXSourcesBuildPhase section */
		B36B300228B61B0A0075D063 /* Sources */ = {
			isa = PBXSourcesBuildPhase;
			buildActionMask = 2147483647;
			files = (
				B36B302428B623D30075D063 /* LoginViewController.swift in Sources */,
				B318B08528B7AC16007571E6 /* DatabaseManager.swift in Sources */,
				B36B302628B623E30075D063 /* RegisterViewController.swift in Sources */,
				B36B302C28B624360075D063 /* NewConversationViewController.swift in Sources */,
				B36B300E28B61B0A0075D063 /* ConversationViewController.swift in Sources */,
				B36B302A28B624240075D063 /* VideoPlayerViewController.swift in Sources */,
				B36B303128B62F630075D063 /* Extension.swift in Sources */,
				B36B300A28B61B0A0075D063 /* AppDelegate.swift in Sources */,
				B36B302E28B624490075D063 /* ProfileViewController.swift in Sources */,
				B36B300C28B61B0A0075D063 /* SceneDelegate.swift in Sources */,
				B36B302828B624080075D063 /* PhotoViewerViewController.swift in Sources */,
			);
			runOnlyForDeploymentPostprocessing = 0;
		};
/* End PBXSourcesBuildPhase section */

/* Begin PBXVariantGroup section */
		B36B300F28B61B0A0075D063 /* Main.storyboard */ = {
			isa = PBXVariantGroup;
			children = (
				B36B301028B61B0A0075D063 /* Base */,
			);
			name = Main.storyboard;
			sourceTree = "<group>";
		};
		B36B301428B61B0B0075D063 /* LaunchScreen.storyboard */ = {
			isa = PBXVariantGroup;
			children = (
				B36B301528B61B0B0075D063 /* Base */,
			);
			name = LaunchScreen.storyboard;
			sourceTree = "<group>";
		};
/* End PBXVariantGroup section */

/* Begin XCBuildConfiguration section */
		B36B301828B61B0B0075D063 /* Debug */ = {
			isa = XCBuildConfiguration;
			buildSettings = {
				ALWAYS_SEARCH_USER_PATHS = NO;
				CLANG_ANALYZER_NONNULL = YES;
				CLANG_ANALYZER_NUMBER_OBJECT_CONVERSION = YES_AGGRESSIVE;
				CLANG_CXX_LANGUAGE_STANDARD = "gnu++17";
				CLANG_CXX_LIBRARY = "libc++";
				CLANG_ENABLE_MODULES = YES;
				CLANG_ENABLE_OBJC_ARC = YES;
				CLANG_ENABLE_OBJC_WEAK = YES;
				CLANG_WARN_BLOCK_CAPTURE_AUTORELEASING = YES;
				CLANG_WARN_BOOL_CONVERSION = YES;
				CLANG_WARN_COMMA = YES;
				CLANG_WARN_CONSTANT_CONVERSION = YES;
				CLANG_WARN_DEPRECATED_OBJC_IMPLEMENTATIONS = YES;
				CLANG_WARN_DIRECT_OBJC_ISA_USAGE = YES_ERROR;
				CLANG_WARN_DOCUMENTATION_COMMENTS = YES;
				CLANG_WARN_EMPTY_BODY = YES;
				CLANG_WARN_ENUM_CONVERSION = YES;
				CLANG_WARN_INFINITE_RECURSION = YES;
				CLANG_WARN_INT_CONVERSION = YES;
				CLANG_WARN_NON_LITERAL_NULL_CONVERSION = YES;
				CLANG_WARN_OBJC_IMPLICIT_RETAIN_SELF = YES;
				CLANG_WARN_OBJC_LITERAL_CONVERSION = YES;
				CLANG_WARN_OBJC_ROOT_CLASS = YES_ERROR;
				CLANG_WARN_QUOTED_INCLUDE_IN_FRAMEWORK_HEADER = YES;
				CLANG_WARN_RANGE_LOOP_ANALYSIS = YES;
				CLANG_WARN_STRICT_PROTOTYPES = YES;
				CLANG_WARN_SUSPICIOUS_MOVE = YES;
				CLANG_WARN_UNGUARDED_AVAILABILITY = YES_AGGRESSIVE;
				CLANG_WARN_UNREACHABLE_CODE = YES;
				CLANG_WARN__DUPLICATE_METHOD_MATCH = YES;
				COPY_PHASE_STRIP = NO;
				DEBUG_INFORMATION_FORMAT = dwarf;
				ENABLE_STRICT_OBJC_MSGSEND = YES;
				ENABLE_TESTABILITY = YES;
				GCC_C_LANGUAGE_STANDARD = gnu11;
				GCC_DYNAMIC_NO_PIC = NO;
				GCC_NO_COMMON_BLOCKS = YES;
				GCC_OPTIMIZATION_LEVEL = 0;
				GCC_PREPROCESSOR_DEFINITIONS = (
					"DEBUG=1",
					"$(inherited)",
				);
				GCC_WARN_64_TO_32_BIT_CONVERSION = YES;
				GCC_WARN_ABOUT_RETURN_TYPE = YES_ERROR;
				GCC_WARN_UNDECLARED_SELECTOR = YES;
				GCC_WARN_UNINITIALIZED_AUTOS = YES_AGGRESSIVE;
				GCC_WARN_UNUSED_FUNCTION = YES;
				GCC_WARN_UNUSED_VARIABLE = YES;
				IPHONEOS_DEPLOYMENT_TARGET = 15.2;
				MTL_ENABLE_DEBUG_INFO = INCLUDE_SOURCE;
				MTL_FAST_MATH = YES;
				ONLY_ACTIVE_ARCH = YES;
				SDKROOT = iphoneos;
				SWIFT_ACTIVE_COMPILATION_CONDITIONS = DEBUG;
				SWIFT_OPTIMIZATION_LEVEL = "-Onone";
			};
			name = Debug;
		};
		B36B301928B61B0B0075D063 /* Release */ = {
			isa = XCBuildConfiguration;
			buildSettings = {
				ALWAYS_SEARCH_USER_PATHS = NO;
				CLANG_ANALYZER_NONNULL = YES;
				CLANG_ANALYZER_NUMBER_OBJECT_CONVERSION = YES_AGGRESSIVE;
				CLANG_CXX_LANGUAGE_STANDARD = "gnu++17";
				CLANG_CXX_LIBRARY = "libc++";
				CLANG_ENABLE_MODULES = YES;
				CLANG_ENABLE_OBJC_ARC = YES;
				CLANG_ENABLE_OBJC_WEAK = YES;
				CLANG_WARN_BLOCK_CAPTURE_AUTORELEASING = YES;
				CLANG_WARN_BOOL_CONVERSION = YES;
				CLANG_WARN_COMMA = YES;
				CLANG_WARN_CONSTANT_CONVERSION = YES;
				CLANG_WARN_DEPRECATED_OBJC_IMPLEMENTATIONS = YES;
				CLANG_WARN_DIRECT_OBJC_ISA_USAGE = YES_ERROR;
				CLANG_WARN_DOCUMENTATION_COMMENTS = YES;
				CLANG_WARN_EMPTY_BODY = YES;
				CLANG_WARN_ENUM_CONVERSION = YES;
				CLANG_WARN_INFINITE_RECURSION = YES;
				CLANG_WARN_INT_CONVERSION = YES;
				CLANG_WARN_NON_LITERAL_NULL_CONVERSION = YES;
				CLANG_WARN_OBJC_IMPLICIT_RETAIN_SELF = YES;
				CLANG_WARN_OBJC_LITERAL_CONVERSION = YES;
				CLANG_WARN_OBJC_ROOT_CLASS = YES_ERROR;
				CLANG_WARN_QUOTED_INCLUDE_IN_FRAMEWORK_HEADER = YES;
				CLANG_WARN_RANGE_LOOP_ANALYSIS = YES;
				CLANG_WARN_STRICT_PROTOTYPES = YES;
				CLANG_WARN_SUSPICIOUS_MOVE = YES;
				CLANG_WARN_UNGUARDED_AVAILABILITY = YES_AGGRESSIVE;
				CLANG_WARN_UNREACHABLE_CODE = YES;
				CLANG_WARN__DUPLICATE_METHOD_MATCH = YES;
				COPY_PHASE_STRIP = NO;
				DEBUG_INFORMATION_FORMAT = "dwarf-with-dsym";
				ENABLE_NS_ASSERTIONS = NO;
				ENABLE_STRICT_OBJC_MSGSEND = YES;
				GCC_C_LANGUAGE_STANDARD = gnu11;
				GCC_NO_COMMON_BLOCKS = YES;
				GCC_WARN_64_TO_32_BIT_CONVERSION = YES;
				GCC_WARN_ABOUT_RETURN_TYPE = YES_ERROR;
				GCC_WARN_UNDECLARED_SELECTOR = YES;
				GCC_WARN_UNINITIALIZED_AUTOS = YES_AGGRESSIVE;
				GCC_WARN_UNUSED_FUNCTION = YES;
				GCC_WARN_UNUSED_VARIABLE = YES;
				IPHONEOS_DEPLOYMENT_TARGET = 15.2;
				MTL_ENABLE_DEBUG_INFO = NO;
				MTL_FAST_MATH = YES;
				SDKROOT = iphoneos;
				SWIFT_COMPILATION_MODE = wholemodule;
				SWIFT_OPTIMIZATION_LEVEL = "-O";
				VALIDATE_PRODUCT = YES;
			};
			name = Release;
		};
		B36B301B28B61B0B0075D063 /* Debug */ = {
			isa = XCBuildConfiguration;
			baseConfigurationReference = FF610FA993762DCDBBC78C63 /* Pods-Messaging App.debug.xcconfig */;
			buildSettings = {
				ASSETCATALOG_COMPILER_APPICON_NAME = AppIcon;
				ASSETCATALOG_COMPILER_GLOBAL_ACCENT_COLOR_NAME = AccentColor;
				CODE_SIGN_STYLE = Automatic;
				CURRENT_PROJECT_VERSION = 1;
				DEVELOPMENT_TEAM = 3A3N266JRF;
				GENERATE_INFOPLIST_FILE = YES;
				INFOPLIST_FILE = "Messaging App/Info.plist";
				INFOPLIST_KEY_UIApplicationSupportsIndirectInputEvents = YES;
				INFOPLIST_KEY_UILaunchStoryboardName = LaunchScreen;
				INFOPLIST_KEY_UIMainStoryboardFile = Main;
				INFOPLIST_KEY_UISupportedInterfaceOrientations = UIInterfaceOrientationPortrait;
				INFOPLIST_KEY_UISupportedInterfaceOrientations_iPad = "UIInterfaceOrientationPortrait UIInterfaceOrientationPortraitUpsideDown UIInterfaceOrientationLandscapeLeft UIInterfaceOrientationLandscapeRight";
				INFOPLIST_KEY_UISupportedInterfaceOrientations_iPhone = "UIInterfaceOrientationPortrait UIInterfaceOrientationLandscapeLeft UIInterfaceOrientationLandscapeRight";
				IPHONEOS_DEPLOYMENT_TARGET = 13.6;
				LD_RUNPATH_SEARCH_PATHS = (
					"$(inherited)",
					"@executable_path/Frameworks",
				);
				MARKETING_VERSION = 1.0;
				PRODUCT_BUNDLE_IDENTIFIER = "za.co.daci-io.Messaging-App";
				PRODUCT_NAME = "$(TARGET_NAME)";
				SWIFT_EMIT_LOC_STRINGS = YES;
				SWIFT_VERSION = 5.0;
				TARGETED_DEVICE_FAMILY = "1,2";
			};
			name = Debug;
		};
		B36B301C28B61B0B0075D063 /* Release */ = {
			isa = XCBuildConfiguration;
			baseConfigurationReference = 2E731301FFFA4754D5C2521E /* Pods-Messaging App.release.xcconfig */;
			buildSettings = {
				ASSETCATALOG_COMPILER_APPICON_NAME = AppIcon;
				ASSETCATALOG_COMPILER_GLOBAL_ACCENT_COLOR_NAME = AccentColor;
				CODE_SIGN_STYLE = Automatic;
				CURRENT_PROJECT_VERSION = 1;
				DEVELOPMENT_TEAM = 3A3N266JRF;
				GENERATE_INFOPLIST_FILE = YES;
				INFOPLIST_FILE = "Messaging App/Info.plist";
				INFOPLIST_KEY_UIApplicationSupportsIndirectInputEvents = YES;
				INFOPLIST_KEY_UILaunchStoryboardName = LaunchScreen;
				INFOPLIST_KEY_UIMainStoryboardFile = Main;
				INFOPLIST_KEY_UISupportedInterfaceOrientations = UIInterfaceOrientationPortrait;
				INFOPLIST_KEY_UISupportedInterfaceOrientations_iPad = "UIInterfaceOrientationPortrait UIInterfaceOrientationPortraitUpsideDown UIInterfaceOrientationLandscapeLeft UIInterfaceOrientationLandscapeRight";
				INFOPLIST_KEY_UISupportedInterfaceOrientations_iPhone = "UIInterfaceOrientationPortrait UIInterfaceOrientationLandscapeLeft UIInterfaceOrientationLandscapeRight";
				IPHONEOS_DEPLOYMENT_TARGET = 13.6;
				LD_RUNPATH_SEARCH_PATHS = (
					"$(inherited)",
					"@executable_path/Frameworks",
				);
				MARKETING_VERSION = 1.0;
				PRODUCT_BUNDLE_IDENTIFIER = "za.co.daci-io.Messaging-App";
				PRODUCT_NAME = "$(TARGET_NAME)";
				SWIFT_EMIT_LOC_STRINGS = YES;
				SWIFT_VERSION = 5.0;
				TARGETED_DEVICE_FAMILY = "1,2";
			};
			name = Release;
		};
/* End XCBuildConfiguration section */

/* Begin XCConfigurationList section */
		B36B300128B61B0A0075D063 /* Build configuration list for PBXProject "Messaging App" */ = {
			isa = XCConfigurationList;
			buildConfigurations = (
				B36B301828B61B0B0075D063 /* Debug */,
				B36B301928B61B0B0075D063 /* Release */,
			);
			defaultConfigurationIsVisible = 0;
			defaultConfigurationName = Release;
		};
		B36B301A28B61B0B0075D063 /* Build configuration list for PBXNativeTarget "Messaging App" */ = {
			isa = XCConfigurationList;
			buildConfigurations = (
				B36B301B28B61B0B0075D063 /* Debug */,
				B36B301C28B61B0B0075D063 /* Release */,
			);
			defaultConfigurationIsVisible = 0;
			defaultConfigurationName = Release;
		};
/* End XCConfigurationList section */
	};
	rootObject = B36B2FFE28B61B0A0075D063 /* Project object */;
}
